# This file is autogenerated, do not edit; changes may be undone by the next 'dep ensure'.


[[projects]]
  digest = "1:e92f5581902c345eb4ceffdcd4a854fb8f73cf436d47d837d1ec98ef1fe0a214"
  name = "github.com/StackExchange/wmi"
  packages = ["."]
  pruneopts = "UT"
  revision = "5d049714c4a64225c3c79a7cf7d02f7fb5b96338"
  version = "1.0.0"

[[projects]]
  digest = "1:b8a482580cafda23f18e7ac322e1f6bcdaa5915592ff4e628d741965c742fd70"
  name = "github.com/evilsocket/islazy"
  packages = [
    "async",
    "fs",
    "log",
    "plugin",
    "tui",
  ]
  pruneopts = "UT"
  revision = "e86063a516840e32de87d39c214a6937b4d22e04"
  version = "v1.8.0"

[[projects]]
  digest = "1:64a5a67c69b70c2420e607a8545d674a23778ed9c3e80607bfd17b77c6c87f6a"
  name = "github.com/go-ole/go-ole"
  packages = [
    ".",
    "oleutil",
  ]
  pruneopts = "UT"
  revision = "a41e3c4b706f6ae8dfbff342b06e40fa4d2d0506"
  version = "v1.2.1"

[[projects]]
  branch = "master"
  digest = "1:62c57507df491b657e9ae2645f30958d9964c8eeb380600469eedc951ebb3a0e"
  name = "github.com/golang/freetype"
  packages = [
    "raster",
    "truetype",
  ]
  pruneopts = "UT"
  revision = "e2365dfdc4a05e4b8299a783240d4a7d5a65d4e4"

[[projects]]
  digest = "1:78bbb1ba5b7c3f2ed0ea1eab57bdd3859aec7e177811563edc41198a760b06af"
  name = "github.com/mitchellh/go-homedir"
  packages = ["."]
  pruneopts = "UT"
  revision = "ae18d6b8b3205b561c79e8e5f69bff09736185f4"
  version = "v1.0.0"

[[projects]]
  branch = "master"
  digest = "1:dbfe572cc258e5bcf54cb650a06d90edd0da04e42ca1ed909cc1d49f00011c63"
  name = "github.com/robertkrimen/otto"
  packages = [
    ".",
    "ast",
    "dbg",
    "file",
    "parser",
    "registry",
    "token",
  ]
  pruneopts = "UT"
  revision = "15f95af6e78dcd2030d8195a138bd88d4f403546"

[[projects]]
  digest = "1:7395b855a6078ad2e6c40311402a057a91125fb9f32cf228e1b32cdc57c33538"
  name = "github.com/shirou/gopsutil"
  packages = [
    "cpu",
    "host",
    "internal/common",
    "mem",
    "net",
    "process",
  ]
  pruneopts = "UT"
  revision = "8048a2e9c5773235122027dd585cf821b2af1249"
  version = "v2.18.07"

[[projects]]
  branch = "master"
  digest = "1:99c6a6dab47067c9b898e8c8b13d130c6ab4ffbcc4b7cc6236c2cd0b1e344f5b"
  name = "github.com/shirou/w32"
  packages = ["."]
  pruneopts = "UT"
  revision = "bb4de0191aa41b5507caa14b0650cdbddcd9280b"

[[projects]]
  digest = "1:420817f94b6c172dabb8a054d0b2d257d7437a87c7c8c7ee432bc008a577fc46"
  name = "github.com/technoweenie/multipartstreamer"
  packages = ["."]
  pruneopts = "UT"
  revision = "a90a01d73ae432e2611d178c18367fbaa13e0154"
  version = "v1.0.1"

[[projects]]
  digest = "1:cf762a0ce01d48d8ac03f717aa41f66b655abea67c616d89994ce091a2cc6831"
  name = "github.com/wcharczuk/go-chart"
  packages = [
    ".",
    "drawing",
    "matrix",
    "roboto",
    "seq",
    "util",
  ]
  pruneopts = "UT"
  revision = "7c3982fe3d8ab0c9eea9ab5d2aced51e45d447bc"
  version = "v2.0.1"

[[projects]]
  branch = "master"
  digest = "1:03c6dfba956b81e4751f45210dc4b45ecb6bce028135d43f288cb3a0f58184d4"
  name = "golang.org/x/image"
  packages = [
    "draw",
    "font",
    "math/f64",
    "math/fixed",
  ]
  pruneopts = "UT"
  revision = "9b1e201e7c4c9d6c9292ff73c2c1131e5aa5e5ac"

[[projects]]
  branch = "master"
  digest = "1:6c93c46c00889c28f5a105e7cb5ba56672fd4a2351375fa819acb44e66d427df"
  name = "golang.org/x/sys"
  packages = [
    "unix",
    "windows",
  ]
  pruneopts = "UT"
  revision = "d989b31c87461dc8ab2f1cac6792814e27fadea9"

[[projects]]
  digest = "1:9935525a8c49b8434a0b0a54e1980e94a6fae73aaff45c5d33ba8dff69de123e"
  name = "gopkg.in/sourcemap.v1"
  packages = [
    ".",
    "base64vlq",
  ]
  pruneopts = "UT"
  revision = "6e83acea0053641eff084973fee085f0c193c61a"
  version = "v1.0.5"

[[projects]]
  digest = "1:51712f342cdefcad2c867f399a3ce8223675221d4386c81cfcccd8f0656e722e"
  name = "gopkg.in/telegram-bot-api.v4"
  packages = ["."]
  pruneopts = "UT"
  revision = "9860bdfd3a171ceafb6e1eafa163482a6ef92643"
  version = "v4.6.4"

[solve-meta]
  analyzer-name = "dep"
  analyzer-version = 1
  input-imports = [
    "github.com/evilsocket/islazy/async",
    "github.com/evilsocket/islazy/fs",
    "github.com/evilsocket/islazy/log",
    "github.com/evilsocket/islazy/plugin",
    "github.com/mitchellh/go-homedir",
    "github.com/shirou/gopsutil/cpu",
    "github.com/shirou/gopsutil/process",
    "github.com/wcharczuk/go-chart",
    "gopkg.in/telegram-bot-api.v4",
  ]
  solver-name = "gps-cdcl"
  solver-version = 1
